
Microsoft Visual Studio Solution File, Format Version 12.00
# Visual Studio Version 17
VisualStudioVersion = 17.10.34928.147
MinimumVisualStudioVersion = 10.0.40219.1
Project("{FAE04EC0-301F-11D3-BF4B-00C04F79EFBC}") = "TableOutput", "WpfApp1\TableOutput.csproj", "{884DF354-6A45-402D-9191-D6F893749FC5}"
EndProject
Project("{FAE04EC0-301F-11D3-BF4B-00C04F79EFBC}") = "ListBoxOutput", "ListBoxOutput\ListBoxOutput.csproj", "{BA122906-AA8D-4B0E-A565-7CBD64F0AD23}"
EndProject
Project("{FAE04EC0-301F-11D3-BF4B-00C04F79EFBC}") = "Pract_3", "Pract_3\Pract_3.csproj", "{6D6FBB19-5FA0-4CB4-96A1-0F7B466CD113}"
EndProject
Global
	GlobalSection(SolutionConfigurationPlatforms) = preSolution
		Debug|Any CPU = Debug|Any CPU
		Release|Any CPU = Release|Any CPU
	EndGlobalSection
	GlobalSection(ProjectConfigurationPlatforms) = postSolution
		{884DF354-6A45-402D-9191-D6F893749FC5}.Debug|Any CPU.ActiveCfg = Debug|Any CPU
		{884DF354-6A45-402D-9191-D6F893749FC5}.Debug|Any CPU.Build.0 = Debug|Any CPU
		{884DF354-6A45-402D-9191-D6F893749FC5}.Release|Any CPU.ActiveCfg = Release|Any CPU
		{884DF354-6A45-402D-9191-D6F893749FC5}.Release|Any CPU.Build.0 = Release|Any CPU
		{BA122906-AA8D-4B0E-A565-7CBD64F0AD23}.Debug|Any CPU.ActiveCfg = Debug|Any CPU
		{BA122906-AA8D-4B0E-A565-7CBD64F0AD23}.Debug|Any CPU.Build.0 = Debug|Any CPU
		{BA122906-AA8D-4B0E-A565-7CBD64F0AD23}.Release|Any CPU.ActiveCfg = Release|Any CPU
		{BA122906-AA8D-4B0E-A565-7CBD64F0AD23}.Release|Any CPU.Build.0 = Release|Any CPU
		{6D6FBB19-5FA0-4CB4-96A1-0F7B466CD113}.Debug|Any CPU.ActiveCfg = Debug|Any CPU
		{6D6FBB19-5FA0-4CB4-96A1-0F7B466CD113}.Debug|Any CPU.Build.0 = Debug|Any CPU
		{6D6FBB19-5FA0-4CB4-96A1-0F7B466CD113}.Release|Any CPU.ActiveCfg = Release|Any CPU
		{6D6FBB19-5FA0-4CB4-96A1-0F7B466CD113}.Release|Any CPU.Build.0 = Release|Any CPU
	EndGlobalSection
	GlobalSection(SolutionProperties) = preSolution
		HideSolutionNode = FALSE
	EndGlobalSection
	GlobalSection(ExtensibilityGlobals) = postSolution
		SolutionGuid = {62F70481-D5AF-4383-8125-195D510F595A}
	EndGlobalSection
EndGlobal
